
Microsoft Visual Studio Solution File, Format Version 12.00
# Visual Studio 15
VisualStudioVersion = 15.0.26124.0
MinimumVisualStudioVersion = 15.0.26124.0
Project("{2150E333-8FDC-42A3-9474-1A3956D46DE8}") = "v2.0_3.5", "v2.0_3.5", "{63B2DFED-43B5-4AED-ACFF-8120CE1CE416}"
EndProject
Project("{FAE04EC0-301F-11D3-BF4B-00C04F79EFBC}") = "csharp_classes_objects", "v2.0_3.5\csharp_classes_objects\csharp_classes_objects.csproj", "{0366DBA5-A96A-4D9B-9E8C-1E1AC4F1C285}"
EndProject
Project("{FAE04EC0-301F-11D3-BF4B-00C04F79EFBC}") = "csharp_values_references", "v2.0_3.5\csharp_values_references\csharp_values_references.csproj", "{88CA3A78-7AF1-473D-9D97-98E5C12C542C}"
EndProject
Project("{FAE04EC0-301F-11D3-BF4B-00C04F79EFBC}") = "csharp_enums_structs", "v2.0_3.5\csharp_enums_structs\csharp_enums_structs.csproj", "{7F2A7474-F101-46D3-A796-6D58E36A338D}"
EndProject
Project("{FAE04EC0-301F-11D3-BF4B-00C04F79EFBC}") = "csharp_arrays_collections", "v2.0_3.5\csharp_arrays_collections\csharp_arrays_collections.csproj", "{6264A3E8-04C4-483C-9B47-C4BE020218A7}"
EndProject
Project("{FAE04EC0-301F-11D3-BF4B-00C04F79EFBC}") = "csharp_arrays_parameters", "v2.0_3.5\csharp_arrays_parameters\csharp_arrays_parameters.csproj", "{AA0D1939-9ED0-433C-968B-CF75A537007E}"
EndProject
Project("{FAE04EC0-301F-11D3-BF4B-00C04F79EFBC}") = "csharp_inheritance_extension", "v2.0_3.5\csharp_inheritance_extension\csharp_inheritance_extension.csproj", "{DE0CC5EB-8B60-4654-BE71-14C899B5D6F5}"
EndProject
Project("{FAE04EC0-301F-11D3-BF4B-00C04F79EFBC}") = "csharp_interfaces_abstract_classes", "v2.0_3.5\csharp_interfaces_abstract_classes\csharp_interfaces_abstract_classes.csproj", "{CA8F2EF6-E3F9-4A2B-AF63-5B9379857619}"
EndProject
Project("{FAE04EC0-301F-11D3-BF4B-00C04F79EFBC}") = "csharp_gc_resources", "v2.0_3.5\csharp_gc_resources\csharp_gc_resources.csproj", "{65C2AB1C-FDE3-463E-8896-19D2E15009C0}"
EndProject
Project("{FAE04EC0-301F-11D3-BF4B-00C04F79EFBC}") = "csharp_fields_properties", "v2.0_3.5\csharp_fields_properties\csharp_fields_properties.csproj", "{92719DD9-9827-4451-BCCA-1E81A6DA26E0}"
EndProject
Project("{FAE04EC0-301F-11D3-BF4B-00C04F79EFBC}") = "csharp_indexers", "v2.0_3.5\csharp_indexers\csharp_indexers.csproj", "{470970C2-5F76-431F-B013-E11C9D994367}"
EndProject
Project("{FAE04EC0-301F-11D3-BF4B-00C04F79EFBC}") = "csharp_events_delegates", "v2.0_3.5\csharp_events_delegates\csharp_events_delegates.csproj", "{7CC00678-DC7C-42AC-8297-2DBFAFD6ADF2}"
EndProject
Project("{FAE04EC0-301F-11D3-BF4B-00C04F79EFBC}") = "csharp_generics", "v2.0_3.5\csharp_generics\csharp_generics.csproj", "{6C858B2B-9176-4F2A-AE0A-BA366EC7C002}"
EndProject
Project("{FAE04EC0-301F-11D3-BF4B-00C04F79EFBC}") = "csharp_enumerable_collections", "v2.0_3.5\csharp_enumerable_collections\csharp_enumerable_collections.csproj", "{640B2C87-BE5C-4D8F-B2B5-71B1B6625E35}"
EndProject
Project("{FAE04EC0-301F-11D3-BF4B-00C04F79EFBC}") = "csharp_linq_queries", "v2.0_3.5\csharp_linq_queries\csharp_linq_queries.csproj", "{873E382A-4297-43B0-88DD-815DAF822920}"
EndProject
Project("{FAE04EC0-301F-11D3-BF4B-00C04F79EFBC}") = "csharp_operators", "v2.0_3.5\csharp_operators\csharp_operators.csproj", "{FA15B6EB-77AE-40AE-B6E0-12FC2F0D3710}"
EndProject
Project("{FAE04EC0-301F-11D3-BF4B-00C04F79EFBC}") = "csharp_exceptions", "v2.0_3.5\csharp_exceptions\csharp_exceptions.csproj", "{EA7B2435-76A8-4373-9E93-51D8F14E2F2F}"
EndProject
Project("{FAE04EC0-301F-11D3-BF4B-00C04F79EFBC}") = "csharp_threads", "v2.0_3.5\csharp_threads\csharp_threads.csproj", "{614CCE4A-96E6-4AEB-B016-44228DB2CF9D}"
EndProject
Project("{FAE04EC0-301F-11D3-BF4B-00C04F79EFBC}") = "csharp_io", "v2.0_3.5\csharp_io\csharp_io.csproj", "{9EB3D06D-946D-479D-B6A1-12715281DD80}"
EndProject
Project("{FAE04EC0-301F-11D3-BF4B-00C04F79EFBC}") = "csharp_serialization", "v2.0_3.5\csharp_serialization\csharp_serialization.csproj", "{BA836403-9DF0-4063-B9AE-8557E01243A8}"
EndProject
Project("{FAE04EC0-301F-11D3-BF4B-00C04F79EFBC}") = "csharp_networking", "v2.0_3.5\csharp_networking\csharp_networking.csproj", "{DB05FF21-C6A0-44D6-A1DD-ED142F1F9A9D}"
EndProject
Project("{FAE04EC0-301F-11D3-BF4B-00C04F79EFBC}") = "csharp_db", "v2.0_3.5\csharp_db\csharp_db.csproj", "{F9AF94BB-3149-46C1-9E54-45A05DDE39E7}"
EndProject
Global
	GlobalSection(SolutionConfigurationPlatforms) = preSolution
		Debug|Any CPU = Debug|Any CPU
		Debug|x64 = Debug|x64
		Debug|x86 = Debug|x86
		Release|Any CPU = Release|Any CPU
		Release|x64 = Release|x64
		Release|x86 = Release|x86
	EndGlobalSection
	GlobalSection(SolutionProperties) = preSolution
		HideSolutionNode = FALSE
	EndGlobalSection
	GlobalSection(ProjectConfigurationPlatforms) = postSolution
		{0366DBA5-A96A-4D9B-9E8C-1E1AC4F1C285}.Debug|Any CPU.ActiveCfg = Debug|Any CPU
		{0366DBA5-A96A-4D9B-9E8C-1E1AC4F1C285}.Debug|Any CPU.Build.0 = Debug|Any CPU
		{0366DBA5-A96A-4D9B-9E8C-1E1AC4F1C285}.Debug|x64.ActiveCfg = Debug|x64
		{0366DBA5-A96A-4D9B-9E8C-1E1AC4F1C285}.Debug|x64.Build.0 = Debug|x64
		{0366DBA5-A96A-4D9B-9E8C-1E1AC4F1C285}.Debug|x86.ActiveCfg = Debug|x86
		{0366DBA5-A96A-4D9B-9E8C-1E1AC4F1C285}.Debug|x86.Build.0 = Debug|x86
		{0366DBA5-A96A-4D9B-9E8C-1E1AC4F1C285}.Release|Any CPU.ActiveCfg = Release|Any CPU
		{0366DBA5-A96A-4D9B-9E8C-1E1AC4F1C285}.Release|Any CPU.Build.0 = Release|Any CPU
		{0366DBA5-A96A-4D9B-9E8C-1E1AC4F1C285}.Release|x64.ActiveCfg = Release|x64
		{0366DBA5-A96A-4D9B-9E8C-1E1AC4F1C285}.Release|x64.Build.0 = Release|x64
		{0366DBA5-A96A-4D9B-9E8C-1E1AC4F1C285}.Release|x86.ActiveCfg = Release|x86
		{0366DBA5-A96A-4D9B-9E8C-1E1AC4F1C285}.Release|x86.Build.0 = Release|x86
		{88CA3A78-7AF1-473D-9D97-98E5C12C542C}.Debug|Any CPU.ActiveCfg = Debug|Any CPU
		{88CA3A78-7AF1-473D-9D97-98E5C12C542C}.Debug|Any CPU.Build.0 = Debug|Any CPU
		{88CA3A78-7AF1-473D-9D97-98E5C12C542C}.Debug|x64.ActiveCfg = Debug|x64
		{88CA3A78-7AF1-473D-9D97-98E5C12C542C}.Debug|x64.Build.0 = Debug|x64
		{88CA3A78-7AF1-473D-9D97-98E5C12C542C}.Debug|x86.ActiveCfg = Debug|x86
		{88CA3A78-7AF1-473D-9D97-98E5C12C542C}.Debug|x86.Build.0 = Debug|x86
		{88CA3A78-7AF1-473D-9D97-98E5C12C542C}.Release|Any CPU.ActiveCfg = Release|Any CPU
		{88CA3A78-7AF1-473D-9D97-98E5C12C542C}.Release|Any CPU.Build.0 = Release|Any CPU
		{88CA3A78-7AF1-473D-9D97-98E5C12C542C}.Release|x64.ActiveCfg = Release|x64
		{88CA3A78-7AF1-473D-9D97-98E5C12C542C}.Release|x64.Build.0 = Release|x64
		{88CA3A78-7AF1-473D-9D97-98E5C12C542C}.Release|x86.ActiveCfg = Release|x86
		{88CA3A78-7AF1-473D-9D97-98E5C12C542C}.Release|x86.Build.0 = Release|x86
		{7F2A7474-F101-46D3-A796-6D58E36A338D}.Debug|Any CPU.ActiveCfg = Debug|Any CPU
		{7F2A7474-F101-46D3-A796-6D58E36A338D}.Debug|Any CPU.Build.0 = Debug|Any CPU
		{7F2A7474-F101-46D3-A796-6D58E36A338D}.Debug|x64.ActiveCfg = Debug|x64
		{7F2A7474-F101-46D3-A796-6D58E36A338D}.Debug|x64.Build.0 = Debug|x64
		{7F2A7474-F101-46D3-A796-6D58E36A338D}.Debug|x86.ActiveCfg = Debug|x86
		{7F2A7474-F101-46D3-A796-6D58E36A338D}.Debug|x86.Build.0 = Debug|x86
		{7F2A7474-F101-46D3-A796-6D58E36A338D}.Release|Any CPU.ActiveCfg = Release|Any CPU
		{7F2A7474-F101-46D3-A796-6D58E36A338D}.Release|Any CPU.Build.0 = Release|Any CPU
		{7F2A7474-F101-46D3-A796-6D58E36A338D}.Release|x64.ActiveCfg = Release|x64
		{7F2A7474-F101-46D3-A796-6D58E36A338D}.Release|x64.Build.0 = Release|x64
		{7F2A7474-F101-46D3-A796-6D58E36A338D}.Release|x86.ActiveCfg = Release|x86
		{7F2A7474-F101-46D3-A796-6D58E36A338D}.Release|x86.Build.0 = Release|x86
		{6264A3E8-04C4-483C-9B47-C4BE020218A7}.Debug|Any CPU.ActiveCfg = Debug|Any CPU
		{6264A3E8-04C4-483C-9B47-C4BE020218A7}.Debug|Any CPU.Build.0 = Debug|Any CPU
		{6264A3E8-04C4-483C-9B47-C4BE020218A7}.Debug|x64.ActiveCfg = Debug|x64
		{6264A3E8-04C4-483C-9B47-C4BE020218A7}.Debug|x64.Build.0 = Debug|x64
		{6264A3E8-04C4-483C-9B47-C4BE020218A7}.Debug|x86.ActiveCfg = Debug|x86
		{6264A3E8-04C4-483C-9B47-C4BE020218A7}.Debug|x86.Build.0 = Debug|x86
		{6264A3E8-04C4-483C-9B47-C4BE020218A7}.Release|Any CPU.ActiveCfg = Release|Any CPU
		{6264A3E8-04C4-483C-9B47-C4BE020218A7}.Release|Any CPU.Build.0 = Release|Any CPU
		{6264A3E8-04C4-483C-9B47-C4BE020218A7}.Release|x64.ActiveCfg = Release|x64
		{6264A3E8-04C4-483C-9B47-C4BE020218A7}.Release|x64.Build.0 = Release|x64
		{6264A3E8-04C4-483C-9B47-C4BE020218A7}.Release|x86.ActiveCfg = Release|x86
		{6264A3E8-04C4-483C-9B47-C4BE020218A7}.Release|x86.Build.0 = Release|x86
		{AA0D1939-9ED0-433C-968B-CF75A537007E}.Debug|Any CPU.ActiveCfg = Debug|Any CPU
		{AA0D1939-9ED0-433C-968B-CF75A537007E}.Debug|Any CPU.Build.0 = Debug|Any CPU
		{AA0D1939-9ED0-433C-968B-CF75A537007E}.Debug|x64.ActiveCfg = Debug|x64
		{AA0D1939-9ED0-433C-968B-CF75A537007E}.Debug|x64.Build.0 = Debug|x64
		{AA0D1939-9ED0-433C-968B-CF75A537007E}.Debug|x86.ActiveCfg = Debug|x86
		{AA0D1939-9ED0-433C-968B-CF75A537007E}.Debug|x86.Build.0 = Debug|x86
		{AA0D1939-9ED0-433C-968B-CF75A537007E}.Release|Any CPU.ActiveCfg = Release|Any CPU
		{AA0D1939-9ED0-433C-968B-CF75A537007E}.Release|Any CPU.Build.0 = Release|Any CPU
		{AA0D1939-9ED0-433C-968B-CF75A537007E}.Release|x64.ActiveCfg = Release|x64
		{AA0D1939-9ED0-433C-968B-CF75A537007E}.Release|x64.Build.0 = Release|x64
		{AA0D1939-9ED0-433C-968B-CF75A537007E}.Release|x86.ActiveCfg = Release|x86
		{AA0D1939-9ED0-433C-968B-CF75A537007E}.Release|x86.Build.0 = Release|x86
		{DE0CC5EB-8B60-4654-BE71-14C899B5D6F5}.Debug|Any CPU.ActiveCfg = Debug|Any CPU
		{DE0CC5EB-8B60-4654-BE71-14C899B5D6F5}.Debug|Any CPU.Build.0 = Debug|Any CPU
		{DE0CC5EB-8B60-4654-BE71-14C899B5D6F5}.Debug|x64.ActiveCfg = Debug|x64
		{DE0CC5EB-8B60-4654-BE71-14C899B5D6F5}.Debug|x64.Build.0 = Debug|x64
		{DE0CC5EB-8B60-4654-BE71-14C899B5D6F5}.Debug|x86.ActiveCfg = Debug|x86
		{DE0CC5EB-8B60-4654-BE71-14C899B5D6F5}.Debug|x86.Build.0 = Debug|x86
		{DE0CC5EB-8B60-4654-BE71-14C899B5D6F5}.Release|Any CPU.ActiveCfg = Release|Any CPU
		{DE0CC5EB-8B60-4654-BE71-14C899B5D6F5}.Release|Any CPU.Build.0 = Release|Any CPU
		{DE0CC5EB-8B60-4654-BE71-14C899B5D6F5}.Release|x64.ActiveCfg = Release|x64
		{DE0CC5EB-8B60-4654-BE71-14C899B5D6F5}.Release|x64.Build.0 = Release|x64
		{DE0CC5EB-8B60-4654-BE71-14C899B5D6F5}.Release|x86.ActiveCfg = Release|x86
		{DE0CC5EB-8B60-4654-BE71-14C899B5D6F5}.Release|x86.Build.0 = Release|x86
		{CA8F2EF6-E3F9-4A2B-AF63-5B9379857619}.Debug|Any CPU.ActiveCfg = Debug|Any CPU
		{CA8F2EF6-E3F9-4A2B-AF63-5B9379857619}.Debug|Any CPU.Build.0 = Debug|Any CPU
		{CA8F2EF6-E3F9-4A2B-AF63-5B9379857619}.Debug|x64.ActiveCfg = Debug|x64
		{CA8F2EF6-E3F9-4A2B-AF63-5B9379857619}.Debug|x64.Build.0 = Debug|x64
		{CA8F2EF6-E3F9-4A2B-AF63-5B9379857619}.Debug|x86.ActiveCfg = Debug|x86
		{CA8F2EF6-E3F9-4A2B-AF63-5B9379857619}.Debug|x86.Build.0 = Debug|x86
		{CA8F2EF6-E3F9-4A2B-AF63-5B9379857619}.Release|Any CPU.ActiveCfg = Release|Any CPU
		{CA8F2EF6-E3F9-4A2B-AF63-5B9379857619}.Release|Any CPU.Build.0 = Release|Any CPU
		{CA8F2EF6-E3F9-4A2B-AF63-5B9379857619}.Release|x64.ActiveCfg = Release|x64
		{CA8F2EF6-E3F9-4A2B-AF63-5B9379857619}.Release|x64.Build.0 = Release|x64
		{CA8F2EF6-E3F9-4A2B-AF63-5B9379857619}.Release|x86.ActiveCfg = Release|x86
		{CA8F2EF6-E3F9-4A2B-AF63-5B9379857619}.Release|x86.Build.0 = Release|x86
		{65C2AB1C-FDE3-463E-8896-19D2E15009C0}.Debug|Any CPU.ActiveCfg = Debug|Any CPU
		{65C2AB1C-FDE3-463E-8896-19D2E15009C0}.Debug|Any CPU.Build.0 = Debug|Any CPU
		{65C2AB1C-FDE3-463E-8896-19D2E15009C0}.Debug|x64.ActiveCfg = Debug|x64
		{65C2AB1C-FDE3-463E-8896-19D2E15009C0}.Debug|x64.Build.0 = Debug|x64
		{65C2AB1C-FDE3-463E-8896-19D2E15009C0}.Debug|x86.ActiveCfg = Debug|x86
		{65C2AB1C-FDE3-463E-8896-19D2E15009C0}.Debug|x86.Build.0 = Debug|x86
		{65C2AB1C-FDE3-463E-8896-19D2E15009C0}.Release|Any CPU.ActiveCfg = Release|Any CPU
		{65C2AB1C-FDE3-463E-8896-19D2E15009C0}.Release|Any CPU.Build.0 = Release|Any CPU
		{65C2AB1C-FDE3-463E-8896-19D2E15009C0}.Release|x64.ActiveCfg = Release|x64
		{65C2AB1C-FDE3-463E-8896-19D2E15009C0}.Release|x64.Build.0 = Release|x64
		{65C2AB1C-FDE3-463E-8896-19D2E15009C0}.Release|x86.ActiveCfg = Release|x86
		{65C2AB1C-FDE3-463E-8896-19D2E15009C0}.Release|x86.Build.0 = Release|x86
		{92719DD9-9827-4451-BCCA-1E81A6DA26E0}.Debug|Any CPU.ActiveCfg = Debug|Any CPU
		{92719DD9-9827-4451-BCCA-1E81A6DA26E0}.Debug|Any CPU.Build.0 = Debug|Any CPU
		{92719DD9-9827-4451-BCCA-1E81A6DA26E0}.Debug|x64.ActiveCfg = Debug|x64
		{92719DD9-9827-4451-BCCA-1E81A6DA26E0}.Debug|x64.Build.0 = Debug|x64
		{92719DD9-9827-4451-BCCA-1E81A6DA26E0}.Debug|x86.ActiveCfg = Debug|x86
		{92719DD9-9827-4451-BCCA-1E81A6DA26E0}.Debug|x86.Build.0 = Debug|x86
		{92719DD9-9827-4451-BCCA-1E81A6DA26E0}.Release|Any CPU.ActiveCfg = Release|Any CPU
		{92719DD9-9827-4451-BCCA-1E81A6DA26E0}.Release|Any CPU.Build.0 = Release|Any CPU
		{92719DD9-9827-4451-BCCA-1E81A6DA26E0}.Release|x64.ActiveCfg = Release|x64
		{92719DD9-9827-4451-BCCA-1E81A6DA26E0}.Release|x64.Build.0 = Release|x64
		{92719DD9-9827-4451-BCCA-1E81A6DA26E0}.Release|x86.ActiveCfg = Release|x86
		{92719DD9-9827-4451-BCCA-1E81A6DA26E0}.Release|x86.Build.0 = Release|x86
		{470970C2-5F76-431F-B013-E11C9D994367}.Debug|Any CPU.ActiveCfg = Debug|Any CPU
		{470970C2-5F76-431F-B013-E11C9D994367}.Debug|Any CPU.Build.0 = Debug|Any CPU
		{470970C2-5F76-431F-B013-E11C9D994367}.Debug|x64.ActiveCfg = Debug|x64
		{470970C2-5F76-431F-B013-E11C9D994367}.Debug|x64.Build.0 = Debug|x64
		{470970C2-5F76-431F-B013-E11C9D994367}.Debug|x86.ActiveCfg = Debug|x86
		{470970C2-5F76-431F-B013-E11C9D994367}.Debug|x86.Build.0 = Debug|x86
		{470970C2-5F76-431F-B013-E11C9D994367}.Release|Any CPU.ActiveCfg = Release|Any CPU
		{470970C2-5F76-431F-B013-E11C9D994367}.Release|Any CPU.Build.0 = Release|Any CPU
		{470970C2-5F76-431F-B013-E11C9D994367}.Release|x64.ActiveCfg = Release|x64
		{470970C2-5F76-431F-B013-E11C9D994367}.Release|x64.Build.0 = Release|x64
		{470970C2-5F76-431F-B013-E11C9D994367}.Release|x86.ActiveCfg = Release|x86
		{470970C2-5F76-431F-B013-E11C9D994367}.Release|x86.Build.0 = Release|x86
		{7CC00678-DC7C-42AC-8297-2DBFAFD6ADF2}.Debug|Any CPU.ActiveCfg = Debug|Any CPU
		{7CC00678-DC7C-42AC-8297-2DBFAFD6ADF2}.Debug|Any CPU.Build.0 = Debug|Any CPU
		{7CC00678-DC7C-42AC-8297-2DBFAFD6ADF2}.Debug|x64.ActiveCfg = Debug|x64
		{7CC00678-DC7C-42AC-8297-2DBFAFD6ADF2}.Debug|x64.Build.0 = Debug|x64
		{7CC00678-DC7C-42AC-8297-2DBFAFD6ADF2}.Debug|x86.ActiveCfg = Debug|x86
		{7CC00678-DC7C-42AC-8297-2DBFAFD6ADF2}.Debug|x86.Build.0 = Debug|x86
		{7CC00678-DC7C-42AC-8297-2DBFAFD6ADF2}.Release|Any CPU.ActiveCfg = Release|Any CPU
		{7CC00678-DC7C-42AC-8297-2DBFAFD6ADF2}.Release|Any CPU.Build.0 = Release|Any CPU
		{7CC00678-DC7C-42AC-8297-2DBFAFD6ADF2}.Release|x64.ActiveCfg = Release|x64
		{7CC00678-DC7C-42AC-8297-2DBFAFD6ADF2}.Release|x64.Build.0 = Release|x64
		{7CC00678-DC7C-42AC-8297-2DBFAFD6ADF2}.Release|x86.ActiveCfg = Release|x86
		{7CC00678-DC7C-42AC-8297-2DBFAFD6ADF2}.Release|x86.Build.0 = Release|x86
		{6C858B2B-9176-4F2A-AE0A-BA366EC7C002}.Debug|Any CPU.ActiveCfg = Debug|Any CPU
		{6C858B2B-9176-4F2A-AE0A-BA366EC7C002}.Debug|Any CPU.Build.0 = Debug|Any CPU
		{6C858B2B-9176-4F2A-AE0A-BA366EC7C002}.Debug|x64.ActiveCfg = Debug|x64
		{6C858B2B-9176-4F2A-AE0A-BA366EC7C002}.Debug|x64.Build.0 = Debug|x64
		{6C858B2B-9176-4F2A-AE0A-BA366EC7C002}.Debug|x86.ActiveCfg = Debug|x86
		{6C858B2B-9176-4F2A-AE0A-BA366EC7C002}.Debug|x86.Build.0 = Debug|x86
		{6C858B2B-9176-4F2A-AE0A-BA366EC7C002}.Release|Any CPU.ActiveCfg = Release|Any CPU
		{6C858B2B-9176-4F2A-AE0A-BA366EC7C002}.Release|Any CPU.Build.0 = Release|Any CPU
		{6C858B2B-9176-4F2A-AE0A-BA366EC7C002}.Release|x64.ActiveCfg = Release|x64
		{6C858B2B-9176-4F2A-AE0A-BA366EC7C002}.Release|x64.Build.0 = Release|x64
		{6C858B2B-9176-4F2A-AE0A-BA366EC7C002}.Release|x86.ActiveCfg = Release|x86
		{6C858B2B-9176-4F2A-AE0A-BA366EC7C002}.Release|x86.Build.0 = Release|x86
		{640B2C87-BE5C-4D8F-B2B5-71B1B6625E35}.Debug|Any CPU.ActiveCfg = Debug|Any CPU
		{640B2C87-BE5C-4D8F-B2B5-71B1B6625E35}.Debug|Any CPU.Build.0 = Debug|Any CPU
		{640B2C87-BE5C-4D8F-B2B5-71B1B6625E35}.Debug|x64.ActiveCfg = Debug|x64
		{640B2C87-BE5C-4D8F-B2B5-71B1B6625E35}.Debug|x64.Build.0 = Debug|x64
		{640B2C87-BE5C-4D8F-B2B5-71B1B6625E35}.Debug|x86.ActiveCfg = Debug|x86
		{640B2C87-BE5C-4D8F-B2B5-71B1B6625E35}.Debug|x86.Build.0 = Debug|x86
		{640B2C87-BE5C-4D8F-B2B5-71B1B6625E35}.Release|Any CPU.ActiveCfg = Release|Any CPU
		{640B2C87-BE5C-4D8F-B2B5-71B1B6625E35}.Release|Any CPU.Build.0 = Release|Any CPU
		{640B2C87-BE5C-4D8F-B2B5-71B1B6625E35}.Release|x64.ActiveCfg = Release|x64
		{640B2C87-BE5C-4D8F-B2B5-71B1B6625E35}.Release|x64.Build.0 = Release|x64
		{640B2C87-BE5C-4D8F-B2B5-71B1B6625E35}.Release|x86.ActiveCfg = Release|x86
		{640B2C87-BE5C-4D8F-B2B5-71B1B6625E35}.Release|x86.Build.0 = Release|x86
		{873E382A-4297-43B0-88DD-815DAF822920}.Debug|Any CPU.ActiveCfg = Debug|Any CPU
		{873E382A-4297-43B0-88DD-815DAF822920}.Debug|Any CPU.Build.0 = Debug|Any CPU
		{873E382A-4297-43B0-88DD-815DAF822920}.Debug|x64.ActiveCfg = Debug|x64
		{873E382A-4297-43B0-88DD-815DAF822920}.Debug|x64.Build.0 = Debug|x64
		{873E382A-4297-43B0-88DD-815DAF822920}.Debug|x86.ActiveCfg = Debug|x86
		{873E382A-4297-43B0-88DD-815DAF822920}.Debug|x86.Build.0 = Debug|x86
		{873E382A-4297-43B0-88DD-815DAF822920}.Release|Any CPU.ActiveCfg = Release|Any CPU
		{873E382A-4297-43B0-88DD-815DAF822920}.Release|Any CPU.Build.0 = Release|Any CPU
		{873E382A-4297-43B0-88DD-815DAF822920}.Release|x64.ActiveCfg = Release|x64
		{873E382A-4297-43B0-88DD-815DAF822920}.Release|x64.Build.0 = Release|x64
		{873E382A-4297-43B0-88DD-815DAF822920}.Release|x86.ActiveCfg = Release|x86
		{873E382A-4297-43B0-88DD-815DAF822920}.Release|x86.Build.0 = Release|x86
		{FA15B6EB-77AE-40AE-B6E0-12FC2F0D3710}.Debug|Any CPU.ActiveCfg = Debug|Any CPU
		{FA15B6EB-77AE-40AE-B6E0-12FC2F0D3710}.Debug|Any CPU.Build.0 = Debug|Any CPU
		{FA15B6EB-77AE-40AE-B6E0-12FC2F0D3710}.Debug|x64.ActiveCfg = Debug|x64
		{FA15B6EB-77AE-40AE-B6E0-12FC2F0D3710}.Debug|x64.Build.0 = Debug|x64
		{FA15B6EB-77AE-40AE-B6E0-12FC2F0D3710}.Debug|x86.ActiveCfg = Debug|x86
		{FA15B6EB-77AE-40AE-B6E0-12FC2F0D3710}.Debug|x86.Build.0 = Debug|x86
		{FA15B6EB-77AE-40AE-B6E0-12FC2F0D3710}.Release|Any CPU.ActiveCfg = Release|Any CPU
		{FA15B6EB-77AE-40AE-B6E0-12FC2F0D3710}.Release|Any CPU.Build.0 = Release|Any CPU
		{FA15B6EB-77AE-40AE-B6E0-12FC2F0D3710}.Release|x64.ActiveCfg = Release|x64
		{FA15B6EB-77AE-40AE-B6E0-12FC2F0D3710}.Release|x64.Build.0 = Release|x64
		{FA15B6EB-77AE-40AE-B6E0-12FC2F0D3710}.Release|x86.ActiveCfg = Release|x86
		{FA15B6EB-77AE-40AE-B6E0-12FC2F0D3710}.Release|x86.Build.0 = Release|x86
		{EA7B2435-76A8-4373-9E93-51D8F14E2F2F}.Debug|Any CPU.ActiveCfg = Debug|Any CPU
		{EA7B2435-76A8-4373-9E93-51D8F14E2F2F}.Debug|Any CPU.Build.0 = Debug|Any CPU
		{EA7B2435-76A8-4373-9E93-51D8F14E2F2F}.Debug|x64.ActiveCfg = Debug|x64
		{EA7B2435-76A8-4373-9E93-51D8F14E2F2F}.Debug|x64.Build.0 = Debug|x64
		{EA7B2435-76A8-4373-9E93-51D8F14E2F2F}.Debug|x86.ActiveCfg = Debug|x86
		{EA7B2435-76A8-4373-9E93-51D8F14E2F2F}.Debug|x86.Build.0 = Debug|x86
		{EA7B2435-76A8-4373-9E93-51D8F14E2F2F}.Release|Any CPU.ActiveCfg = Release|Any CPU
		{EA7B2435-76A8-4373-9E93-51D8F14E2F2F}.Release|Any CPU.Build.0 = Release|Any CPU
		{EA7B2435-76A8-4373-9E93-51D8F14E2F2F}.Release|x64.ActiveCfg = Release|x64
		{EA7B2435-76A8-4373-9E93-51D8F14E2F2F}.Release|x64.Build.0 = Release|x64
		{EA7B2435-76A8-4373-9E93-51D8F14E2F2F}.Release|x86.ActiveCfg = Release|x86
		{EA7B2435-76A8-4373-9E93-51D8F14E2F2F}.Release|x86.Build.0 = Release|x86
		{614CCE4A-96E6-4AEB-B016-44228DB2CF9D}.Debug|Any CPU.ActiveCfg = Debug|Any CPU
		{614CCE4A-96E6-4AEB-B016-44228DB2CF9D}.Debug|Any CPU.Build.0 = Debug|Any CPU
		{614CCE4A-96E6-4AEB-B016-44228DB2CF9D}.Debug|x64.ActiveCfg = Debug|x64
		{614CCE4A-96E6-4AEB-B016-44228DB2CF9D}.Debug|x64.Build.0 = Debug|x64
		{614CCE4A-96E6-4AEB-B016-44228DB2CF9D}.Debug|x86.ActiveCfg = Debug|x86
		{614CCE4A-96E6-4AEB-B016-44228DB2CF9D}.Debug|x86.Build.0 = Debug|x86
		{614CCE4A-96E6-4AEB-B016-44228DB2CF9D}.Release|Any CPU.ActiveCfg = Release|Any CPU
		{614CCE4A-96E6-4AEB-B016-44228DB2CF9D}.Release|Any CPU.Build.0 = Release|Any CPU
		{614CCE4A-96E6-4AEB-B016-44228DB2CF9D}.Release|x64.ActiveCfg = Release|x64
		{614CCE4A-96E6-4AEB-B016-44228DB2CF9D}.Release|x64.Build.0 = Release|x64
		{614CCE4A-96E6-4AEB-B016-44228DB2CF9D}.Release|x86.ActiveCfg = Release|x86
		{614CCE4A-96E6-4AEB-B016-44228DB2CF9D}.Release|x86.Build.0 = Release|x86
		{9EB3D06D-946D-479D-B6A1-12715281DD80}.Debug|Any CPU.ActiveCfg = Debug|Any CPU
		{9EB3D06D-946D-479D-B6A1-12715281DD80}.Debug|Any CPU.Build.0 = Debug|Any CPU
		{9EB3D06D-946D-479D-B6A1-12715281DD80}.Debug|x64.ActiveCfg = Debug|x64
		{9EB3D06D-946D-479D-B6A1-12715281DD80}.Debug|x64.Build.0 = Debug|x64
		{9EB3D06D-946D-479D-B6A1-12715281DD80}.Debug|x86.ActiveCfg = Debug|x86
		{9EB3D06D-946D-479D-B6A1-12715281DD80}.Debug|x86.Build.0 = Debug|x86
		{9EB3D06D-946D-479D-B6A1-12715281DD80}.Release|Any CPU.ActiveCfg = Release|Any CPU
		{9EB3D06D-946D-479D-B6A1-12715281DD80}.Release|Any CPU.Build.0 = Release|Any CPU
		{9EB3D06D-946D-479D-B6A1-12715281DD80}.Release|x64.ActiveCfg = Release|x64
		{9EB3D06D-946D-479D-B6A1-12715281DD80}.Release|x64.Build.0 = Release|x64
		{9EB3D06D-946D-479D-B6A1-12715281DD80}.Release|x86.ActiveCfg = Release|x86
		{9EB3D06D-946D-479D-B6A1-12715281DD80}.Release|x86.Build.0 = Release|x86
		{BA836403-9DF0-4063-B9AE-8557E01243A8}.Debug|Any CPU.ActiveCfg = Debug|Any CPU
		{BA836403-9DF0-4063-B9AE-8557E01243A8}.Debug|Any CPU.Build.0 = Debug|Any CPU
		{BA836403-9DF0-4063-B9AE-8557E01243A8}.Debug|x64.ActiveCfg = Debug|x64
		{BA836403-9DF0-4063-B9AE-8557E01243A8}.Debug|x64.Build.0 = Debug|x64
		{BA836403-9DF0-4063-B9AE-8557E01243A8}.Debug|x86.ActiveCfg = Debug|x86
		{BA836403-9DF0-4063-B9AE-8557E01243A8}.Debug|x86.Build.0 = Debug|x86
		{BA836403-9DF0-4063-B9AE-8557E01243A8}.Release|Any CPU.ActiveCfg = Release|Any CPU
		{BA836403-9DF0-4063-B9AE-8557E01243A8}.Release|Any CPU.Build.0 = Release|Any CPU
		{BA836403-9DF0-4063-B9AE-8557E01243A8}.Release|x64.ActiveCfg = Release|x64
		{BA836403-9DF0-4063-B9AE-8557E01243A8}.Release|x64.Build.0 = Release|x64
		{BA836403-9DF0-4063-B9AE-8557E01243A8}.Release|x86.ActiveCfg = Release|x86
		{BA836403-9DF0-4063-B9AE-8557E01243A8}.Release|x86.Build.0 = Release|x86
		{DB05FF21-C6A0-44D6-A1DD-ED142F1F9A9D}.Debug|Any CPU.ActiveCfg = Debug|Any CPU
		{DB05FF21-C6A0-44D6-A1DD-ED142F1F9A9D}.Debug|Any CPU.Build.0 = Debug|Any CPU
		{DB05FF21-C6A0-44D6-A1DD-ED142F1F9A9D}.Debug|x64.ActiveCfg = Debug|x64
		{DB05FF21-C6A0-44D6-A1DD-ED142F1F9A9D}.Debug|x64.Build.0 = Debug|x64
		{DB05FF21-C6A0-44D6-A1DD-ED142F1F9A9D}.Debug|x86.ActiveCfg = Debug|x86
		{DB05FF21-C6A0-44D6-A1DD-ED142F1F9A9D}.Debug|x86.Build.0 = Debug|x86
		{DB05FF21-C6A0-44D6-A1DD-ED142F1F9A9D}.Release|Any CPU.ActiveCfg = Release|Any CPU
		{DB05FF21-C6A0-44D6-A1DD-ED142F1F9A9D}.Release|Any CPU.Build.0 = Release|Any CPU
		{DB05FF21-C6A0-44D6-A1DD-ED142F1F9A9D}.Release|x64.ActiveCfg = Release|x64
		{DB05FF21-C6A0-44D6-A1DD-ED142F1F9A9D}.Release|x64.Build.0 = Release|x64
		{DB05FF21-C6A0-44D6-A1DD-ED142F1F9A9D}.Release|x86.ActiveCfg = Release|x86
		{DB05FF21-C6A0-44D6-A1DD-ED142F1F9A9D}.Release|x86.Build.0 = Release|x86
		{F9AF94BB-3149-46C1-9E54-45A05DDE39E7}.Debug|Any CPU.ActiveCfg = Debug|Any CPU
		{F9AF94BB-3149-46C1-9E54-45A05DDE39E7}.Debug|Any CPU.Build.0 = Debug|Any CPU
		{F9AF94BB-3149-46C1-9E54-45A05DDE39E7}.Debug|x64.ActiveCfg = Debug|x64
		{F9AF94BB-3149-46C1-9E54-45A05DDE39E7}.Debug|x64.Build.0 = Debug|x64
		{F9AF94BB-3149-46C1-9E54-45A05DDE39E7}.Debug|x86.ActiveCfg = Debug|x86
		{F9AF94BB-3149-46C1-9E54-45A05DDE39E7}.Debug|x86.Build.0 = Debug|x86
		{F9AF94BB-3149-46C1-9E54-45A05DDE39E7}.Release|Any CPU.ActiveCfg = Release|Any CPU
		{F9AF94BB-3149-46C1-9E54-45A05DDE39E7}.Release|Any CPU.Build.0 = Release|Any CPU
		{F9AF94BB-3149-46C1-9E54-45A05DDE39E7}.Release|x64.ActiveCfg = Release|x64
		{F9AF94BB-3149-46C1-9E54-45A05DDE39E7}.Release|x64.Build.0 = Release|x64
		{F9AF94BB-3149-46C1-9E54-45A05DDE39E7}.Release|x86.ActiveCfg = Release|x86
		{F9AF94BB-3149-46C1-9E54-45A05DDE39E7}.Release|x86.Build.0 = Release|x86
	EndGlobalSection
	GlobalSection(NestedProjects) = preSolution
		{0366DBA5-A96A-4D9B-9E8C-1E1AC4F1C285} = {63B2DFED-43B5-4AED-ACFF-8120CE1CE416}
		{88CA3A78-7AF1-473D-9D97-98E5C12C542C} = {63B2DFED-43B5-4AED-ACFF-8120CE1CE416}
		{7F2A7474-F101-46D3-A796-6D58E36A338D} = {63B2DFED-43B5-4AED-ACFF-8120CE1CE416}
		{6264A3E8-04C4-483C-9B47-C4BE020218A7} = {63B2DFED-43B5-4AED-ACFF-8120CE1CE416}
		{AA0D1939-9ED0-433C-968B-CF75A537007E} = {63B2DFED-43B5-4AED-ACFF-8120CE1CE416}
		{DE0CC5EB-8B60-4654-BE71-14C899B5D6F5} = {63B2DFED-43B5-4AED-ACFF-8120CE1CE416}
		{CA8F2EF6-E3F9-4A2B-AF63-5B9379857619} = {63B2DFED-43B5-4AED-ACFF-8120CE1CE416}
		{65C2AB1C-FDE3-463E-8896-19D2E15009C0} = {63B2DFED-43B5-4AED-ACFF-8120CE1CE416}
		{92719DD9-9827-4451-BCCA-1E81A6DA26E0} = {63B2DFED-43B5-4AED-ACFF-8120CE1CE416}
		{470970C2-5F76-431F-B013-E11C9D994367} = {63B2DFED-43B5-4AED-ACFF-8120CE1CE416}
		{7CC00678-DC7C-42AC-8297-2DBFAFD6ADF2} = {63B2DFED-43B5-4AED-ACFF-8120CE1CE416}
		{6C858B2B-9176-4F2A-AE0A-BA366EC7C002} = {63B2DFED-43B5-4AED-ACFF-8120CE1CE416}
		{640B2C87-BE5C-4D8F-B2B5-71B1B6625E35} = {63B2DFED-43B5-4AED-ACFF-8120CE1CE416}
		{873E382A-4297-43B0-88DD-815DAF822920} = {63B2DFED-43B5-4AED-ACFF-8120CE1CE416}
		{FA15B6EB-77AE-40AE-B6E0-12FC2F0D3710} = {63B2DFED-43B5-4AED-ACFF-8120CE1CE416}
		{EA7B2435-76A8-4373-9E93-51D8F14E2F2F} = {63B2DFED-43B5-4AED-ACFF-8120CE1CE416}
		{614CCE4A-96E6-4AEB-B016-44228DB2CF9D} = {63B2DFED-43B5-4AED-ACFF-8120CE1CE416}
		{9EB3D06D-946D-479D-B6A1-12715281DD80} = {63B2DFED-43B5-4AED-ACFF-8120CE1CE416}
		{BA836403-9DF0-4063-B9AE-8557E01243A8} = {63B2DFED-43B5-4AED-ACFF-8120CE1CE416}
		{DB05FF21-C6A0-44D6-A1DD-ED142F1F9A9D} = {63B2DFED-43B5-4AED-ACFF-8120CE1CE416}
		{F9AF94BB-3149-46C1-9E54-45A05DDE39E7} = {63B2DFED-43B5-4AED-ACFF-8120CE1CE416}
	EndGlobalSection
EndGlobal
